
Microsoft Visual Studio Solution File, Format Version 12.00
# Visual Studio Version 16
VisualStudioVersion = 16.0.34301.259
MinimumVisualStudioVersion = 10.0.40219.1
Project("{8BC9CEB8-8B4A-11D0-8D11-00A0C91BC942}") = "GameServer", "GameServer\GameServer\GameServer.vcxproj", "{93F80160-07A8-42A6-B46C-70B72AFF74C4}"
EndProject
Project("{8BC9CEB8-8B4A-11D0-8D11-00A0C91BC942}") = "ConnectServer", "ConnectServer\ConnectServer\ConnectServer.vcxproj", "{206DE6CA-4B65-4027-B96D-69DBC02AEF53}"
EndProject
Project("{8BC9CEB8-8B4A-11D0-8D11-00A0C91BC942}") = "DataServer", "DataServer\DataServer\DataServer.vcxproj", "{DCCBB883-D3B5-486A-8658-4E469C575023}"
EndProject
Project("{8BC9CEB8-8B4A-11D0-8D11-00A0C91BC942}") = "JoinServer", "JoinServer\JoinServer\JoinServer.vcxproj", "{1BEFA73B-17C6-4E97-A35F-A4CBFA7678A1}"
EndProject
Project("{8BC9CEB8-8B4A-11D0-8D11-00A0C91BC942}") = "Main", "Main\Main\Main.vcxproj", "{8CEE92DB-9F87-4658-9B58-215C7319C44E}"
EndProject
Project("{8BC9CEB8-8B4A-11D0-8D11-00A0C91BC942}") = "GetMainInfo", "GetMainInfo\GetMainInfo\GetMainInfo.vcxproj", "{99FEE110-4599-4DF9-A022-7CD4A72F9649}"
EndProject
Global
	GlobalSection(SolutionConfigurationPlatforms) = preSolution
		Debug|x86 = Debug|x86
		FREE|x86 = FREE|x86
		PREMIUM|x86 = PREMIUM|x86
		Release_EX401|x86 = Release_EX401|x86
		Release_EX401CS|x86 = Release_EX401CS|x86
		Release_EX603|x86 = Release_EX603|x86
		Release_EX603CS|x86 = Release_EX603CS|x86
		Release_EX803|x86 = Release_EX803|x86
		Release_EX803CS|x86 = Release_EX803CS|x86
		Release|x86 = Release|x86
	EndGlobalSection
	GlobalSection(ProjectConfigurationPlatforms) = postSolution
		{93F80160-07A8-42A6-B46C-70B72AFF74C4}.Debug|x86.ActiveCfg = Debug|Win32
		{93F80160-07A8-42A6-B46C-70B72AFF74C4}.Debug|x86.Build.0 = Debug|Win32
		{93F80160-07A8-42A6-B46C-70B72AFF74C4}.FREE|x86.ActiveCfg = Debug|Win32
		{93F80160-07A8-42A6-B46C-70B72AFF74C4}.FREE|x86.Build.0 = Debug|Win32
		{93F80160-07A8-42A6-B46C-70B72AFF74C4}.PREMIUM|x86.ActiveCfg = Debug|Win32
		{93F80160-07A8-42A6-B46C-70B72AFF74C4}.PREMIUM|x86.Build.0 = Debug|Win32
		{93F80160-07A8-42A6-B46C-70B72AFF74C4}.Release_EX401|x86.ActiveCfg = Release_EX401|Win32
		{93F80160-07A8-42A6-B46C-70B72AFF74C4}.Release_EX401|x86.Build.0 = Release_EX401|Win32
		{93F80160-07A8-42A6-B46C-70B72AFF74C4}.Release_EX401CS|x86.ActiveCfg = Release_EX401CS|Win32
		{93F80160-07A8-42A6-B46C-70B72AFF74C4}.Release_EX401CS|x86.Build.0 = Release_EX401CS|Win32
		{93F80160-07A8-42A6-B46C-70B72AFF74C4}.Release_EX603|x86.ActiveCfg = Release_EX603|Win32
		{93F80160-07A8-42A6-B46C-70B72AFF74C4}.Release_EX603|x86.Build.0 = Release_EX603|Win32
		{93F80160-07A8-42A6-B46C-70B72AFF74C4}.Release_EX603CS|x86.ActiveCfg = Release_EX603CS|Win32
		{93F80160-07A8-42A6-B46C-70B72AFF74C4}.Release_EX603CS|x86.Build.0 = Release_EX603CS|Win32
		{93F80160-07A8-42A6-B46C-70B72AFF74C4}.Release_EX803|x86.ActiveCfg = Release_EX803|Win32
		{93F80160-07A8-42A6-B46C-70B72AFF74C4}.Release_EX803|x86.Build.0 = Release_EX803|Win32
		{93F80160-07A8-42A6-B46C-70B72AFF74C4}.Release_EX803CS|x86.ActiveCfg = Release_EX803CS|Win32
		{93F80160-07A8-42A6-B46C-70B72AFF74C4}.Release_EX803CS|x86.Build.0 = Release_EX803CS|Win32
		{93F80160-07A8-42A6-B46C-70B72AFF74C4}.Release|x86.ActiveCfg = Release_EX401|Win32
		{93F80160-07A8-42A6-B46C-70B72AFF74C4}.Release|x86.Build.0 = Release_EX401|Win32
		{206DE6CA-4B65-4027-B96D-69DBC02AEF53}.Debug|x86.ActiveCfg = Debug|Win32
		{206DE6CA-4B65-4027-B96D-69DBC02AEF53}.Debug|x86.Build.0 = Debug|Win32
		{206DE6CA-4B65-4027-B96D-69DBC02AEF53}.FREE|x86.ActiveCfg = Debug|Win32
		{206DE6CA-4B65-4027-B96D-69DBC02AEF53}.FREE|x86.Build.0 = Debug|Win32
		{206DE6CA-4B65-4027-B96D-69DBC02AEF53}.PREMIUM|x86.ActiveCfg = Debug|Win32
		{206DE6CA-4B65-4027-B96D-69DBC02AEF53}.PREMIUM|x86.Build.0 = Debug|Win32
		{206DE6CA-4B65-4027-B96D-69DBC02AEF53}.Release_EX401|x86.ActiveCfg = Release_EX401|Win32
		{206DE6CA-4B65-4027-B96D-69DBC02AEF53}.Release_EX401|x86.Build.0 = Release_EX401|Win32
		{206DE6CA-4B65-4027-B96D-69DBC02AEF53}.Release_EX401CS|x86.ActiveCfg = Release_EX401|Win32
		{206DE6CA-4B65-4027-B96D-69DBC02AEF53}.Release_EX401CS|x86.Build.0 = Release_EX401|Win32
		{206DE6CA-4B65-4027-B96D-69DBC02AEF53}.Release_EX603|x86.ActiveCfg = Release_EX603|Win32
		{206DE6CA-4B65-4027-B96D-69DBC02AEF53}.Release_EX603|x86.Build.0 = Release_EX603|Win32
		{206DE6CA-4B65-4027-B96D-69DBC02AEF53}.Release_EX603CS|x86.ActiveCfg = Release_EX603|Win32
		{206DE6CA-4B65-4027-B96D-69DBC02AEF53}.Release_EX603CS|x86.Build.0 = Release_EX603|Win32
		{206DE6CA-4B65-4027-B96D-69DBC02AEF53}.Release_EX803|x86.ActiveCfg = Release_EX803|Win32
		{206DE6CA-4B65-4027-B96D-69DBC02AEF53}.Release_EX803|x86.Build.0 = Release_EX803|Win32
		{206DE6CA-4B65-4027-B96D-69DBC02AEF53}.Release_EX803CS|x86.ActiveCfg = Release_EX803|Win32
		{206DE6CA-4B65-4027-B96D-69DBC02AEF53}.Release_EX803CS|x86.Build.0 = Release_EX803|Win32
		{206DE6CA-4B65-4027-B96D-69DBC02AEF53}.Release|x86.ActiveCfg = Release_EX401|Win32
		{206DE6CA-4B65-4027-B96D-69DBC02AEF53}.Release|x86.Build.0 = Release_EX401|Win32
		{DCCBB883-D3B5-486A-8658-4E469C575023}.Debug|x86.ActiveCfg = Debug|Win32
		{DCCBB883-D3B5-486A-8658-4E469C575023}.Debug|x86.Build.0 = Debug|Win32
		{DCCBB883-D3B5-486A-8658-4E469C575023}.FREE|x86.ActiveCfg = Debug|Win32
		{DCCBB883-D3B5-486A-8658-4E469C575023}.FREE|x86.Build.0 = Debug|Win32
		{DCCBB883-D3B5-486A-8658-4E469C575023}.PREMIUM|x86.ActiveCfg = Debug|Win32
		{DCCBB883-D3B5-486A-8658-4E469C575023}.PREMIUM|x86.Build.0 = Debug|Win32
		{DCCBB883-D3B5-486A-8658-4E469C575023}.Release_EX401|x86.ActiveCfg = Release_EX401|Win32
		{DCCBB883-D3B5-486A-8658-4E469C575023}.Release_EX401|x86.Build.0 = Release_EX401|Win32
		{DCCBB883-D3B5-486A-8658-4E469C575023}.Release_EX401CS|x86.ActiveCfg = Release_EX401|Win32
		{DCCBB883-D3B5-486A-8658-4E469C575023}.Release_EX401CS|x86.Build.0 = Release_EX401|Win32
		{DCCBB883-D3B5-486A-8658-4E469C575023}.Release_EX603|x86.ActiveCfg = Release_EX603|Win32
		{DCCBB883-D3B5-486A-8658-4E469C575023}.Release_EX603|x86.Build.0 = Release_EX603|Win32
		{DCCBB883-D3B5-486A-8658-4E469C575023}.Release_EX603CS|x86.ActiveCfg = Release_EX603|Win32
		{DCCBB883-D3B5-486A-8658-4E469C575023}.Release_EX603CS|x86.Build.0 = Release_EX603|Win32
		{DCCBB883-D3B5-486A-8658-4E469C575023}.Release_EX803|x86.ActiveCfg = Release_EX803|Win32
		{DCCBB883-D3B5-486A-8658-4E469C575023}.Release_EX803|x86.Build.0 = Release_EX803|Win32
		{DCCBB883-D3B5-486A-8658-4E469C575023}.Release_EX803CS|x86.ActiveCfg = Release_EX803|Win32
		{DCCBB883-D3B5-486A-8658-4E469C575023}.Release_EX803CS|x86.Build.0 = Release_EX803|Win32
		{DCCBB883-D3B5-486A-8658-4E469C575023}.Release|x86.ActiveCfg = Release_EX401|Win32
		{DCCBB883-D3B5-486A-8658-4E469C575023}.Release|x86.Build.0 = Release_EX401|Win32
		{1BEFA73B-17C6-4E97-A35F-A4CBFA7678A1}.Debug|x86.ActiveCfg = Debug|Win32
		{1BEFA73B-17C6-4E97-A35F-A4CBFA7678A1}.Debug|x86.Build.0 = Debug|Win32
		{1BEFA73B-17C6-4E97-A35F-A4CBFA7678A1}.FREE|x86.ActiveCfg = Debug|Win32
		{1BEFA73B-17C6-4E97-A35F-A4CBFA7678A1}.FREE|x86.Build.0 = Debug|Win32
		{1BEFA73B-17C6-4E97-A35F-A4CBFA7678A1}.PREMIUM|x86.ActiveCfg = Debug|Win32
		{1BEFA73B-17C6-4E97-A35F-A4CBFA7678A1}.PREMIUM|x86.Build.0 = Debug|Win32
		{1BEFA73B-17C6-4E97-A35F-A4CBFA7678A1}.Release_EX401|x86.ActiveCfg = Release_EX401|Win32
		{1BEFA73B-17C6-4E97-A35F-A4CBFA7678A1}.Release_EX401|x86.Build.0 = Release_EX401|Win32
		{1BEFA73B-17C6-4E97-A35F-A4CBFA7678A1}.Release_EX401CS|x86.ActiveCfg = Release_EX401|Win32
		{1BEFA73B-17C6-4E97-A35F-A4CBFA7678A1}.Release_EX401CS|x86.Build.0 = Release_EX401|Win32
		{1BEFA73B-17C6-4E97-A35F-A4CBFA7678A1}.Release_EX603|x86.ActiveCfg = Release_EX603|Win32
		{1BEFA73B-17C6-4E97-A35F-A4CBFA7678A1}.Release_EX603|x86.Build.0 = Release_EX603|Win32
		{1BEFA73B-17C6-4E97-A35F-A4CBFA7678A1}.Release_EX603CS|x86.ActiveCfg = Release_EX603|Win32
		{1BEFA73B-17C6-4E97-A35F-A4CBFA7678A1}.Release_EX603CS|x86.Build.0 = Release_EX603|Win32
		{1BEFA73B-17C6-4E97-A35F-A4CBFA7678A1}.Release_EX803|x86.ActiveCfg = Release_EX803|Win32
		{1BEFA73B-17C6-4E97-A35F-A4CBFA7678A1}.Release_EX803|x86.Build.0 = Release_EX803|Win32
		{1BEFA73B-17C6-4E97-A35F-A4CBFA7678A1}.Release_EX803CS|x86.ActiveCfg = Release_EX803|Win32
		{1BEFA73B-17C6-4E97-A35F-A4CBFA7678A1}.Release_EX803CS|x86.Build.0 = Release_EX803|Win32
		{1BEFA73B-17C6-4E97-A35F-A4CBFA7678A1}.Release|x86.ActiveCfg = Release_EX401|Win32
		{1BEFA73B-17C6-4E97-A35F-A4CBFA7678A1}.Release|x86.Build.0 = Release_EX401|Win32
		{8CEE92DB-9F87-4658-9B58-215C7319C44E}.Debug|x86.ActiveCfg = Debug|Win32
		{8CEE92DB-9F87-4658-9B58-215C7319C44E}.Debug|x86.Build.0 = Debug|Win32
		{8CEE92DB-9F87-4658-9B58-215C7319C44E}.FREE|x86.ActiveCfg = Debug|Win32
		{8CEE92DB-9F87-4658-9B58-215C7319C44E}.FREE|x86.Build.0 = Debug|Win32
		{8CEE92DB-9F87-4658-9B58-215C7319C44E}.PREMIUM|x86.ActiveCfg = Debug|Win32
		{8CEE92DB-9F87-4658-9B58-215C7319C44E}.PREMIUM|x86.Build.0 = Debug|Win32
		{8CEE92DB-9F87-4658-9B58-215C7319C44E}.Release_EX401|x86.ActiveCfg = Release|Win32
		{8CEE92DB-9F87-4658-9B58-215C7319C44E}.Release_EX401|x86.Build.0 = Release|Win32
		{8CEE92DB-9F87-4658-9B58-215C7319C44E}.Release_EX401CS|x86.ActiveCfg = Release|Win32
		{8CEE92DB-9F87-4658-9B58-215C7319C44E}.Release_EX401CS|x86.Build.0 = Release|Win32
		{8CEE92DB-9F87-4658-9B58-215C7319C44E}.Release_EX603|x86.ActiveCfg = Release|Win32
		{8CEE92DB-9F87-4658-9B58-215C7319C44E}.Release_EX603|x86.Build.0 = Release|Win32
		{8CEE92DB-9F87-4658-9B58-215C7319C44E}.Release_EX603CS|x86.ActiveCfg = Release|Win32
		{8CEE92DB-9F87-4658-9B58-215C7319C44E}.Release_EX603CS|x86.Build.0 = Release|Win32
		{8CEE92DB-9F87-4658-9B58-215C7319C44E}.Release_EX803|x86.ActiveCfg = Release|Win32
		{8CEE92DB-9F87-4658-9B58-215C7319C44E}.Release_EX803|x86.Build.0 = Release|Win32
		{8CEE92DB-9F87-4658-9B58-215C7319C44E}.Release_EX803CS|x86.ActiveCfg = Release|Win32
		{8CEE92DB-9F87-4658-9B58-215C7319C44E}.Release_EX803CS|x86.Build.0 = Release|Win32
		{8CEE92DB-9F87-4658-9B58-215C7319C44E}.Release|x86.ActiveCfg = Release|Win32
		{8CEE92DB-9F87-4658-9B58-215C7319C44E}.Release|x86.Build.0 = Release|Win32
		{99FEE110-4599-4DF9-A022-7CD4A72F9649}.Debug|x86.ActiveCfg = Debug|Win32
		{99FEE110-4599-4DF9-A022-7CD4A72F9649}.Debug|x86.Build.0 = Debug|Win32
		{99FEE110-4599-4DF9-A022-7CD4A72F9649}.FREE|x86.ActiveCfg = FREE|Win32
		{99FEE110-4599-4DF9-A022-7CD4A72F9649}.FREE|x86.Build.0 = FREE|Win32
		{99FEE110-4599-4DF9-A022-7CD4A72F9649}.PREMIUM|x86.ActiveCfg = PREMIUM|Win32
		{99FEE110-4599-4DF9-A022-7CD4A72F9649}.PREMIUM|x86.Build.0 = PREMIUM|Win32
		{99FEE110-4599-4DF9-A022-7CD4A72F9649}.Release_EX401|x86.ActiveCfg = Debug|Win32
		{99FEE110-4599-4DF9-A022-7CD4A72F9649}.Release_EX401|x86.Build.0 = Debug|Win32
		{99FEE110-4599-4DF9-A022-7CD4A72F9649}.Release_EX401CS|x86.ActiveCfg = Debug|Win32
		{99FEE110-4599-4DF9-A022-7CD4A72F9649}.Release_EX401CS|x86.Build.0 = Debug|Win32
		{99FEE110-4599-4DF9-A022-7CD4A72F9649}.Release_EX603|x86.ActiveCfg = Debug|Win32
		{99FEE110-4599-4DF9-A022-7CD4A72F9649}.Release_EX603|x86.Build.0 = Debug|Win32
		{99FEE110-4599-4DF9-A022-7CD4A72F9649}.Release_EX603CS|x86.ActiveCfg = Debug|Win32
		{99FEE110-4599-4DF9-A022-7CD4A72F9649}.Release_EX603CS|x86.Build.0 = Debug|Win32
		{99FEE110-4599-4DF9-A022-7CD4A72F9649}.Release_EX803|x86.ActiveCfg = Debug|Win32
		{99FEE110-4599-4DF9-A022-7CD4A72F9649}.Release_EX803|x86.Build.0 = Debug|Win32
		{99FEE110-4599-4DF9-A022-7CD4A72F9649}.Release_EX803CS|x86.ActiveCfg = Debug|Win32
		{99FEE110-4599-4DF9-A022-7CD4A72F9649}.Release_EX803CS|x86.Build.0 = Debug|Win32
		{99FEE110-4599-4DF9-A022-7CD4A72F9649}.Release|x86.ActiveCfg = Debug|Win32
		{99FEE110-4599-4DF9-A022-7CD4A72F9649}.Release|x86.Build.0 = Debug|Win32
	EndGlobalSection
	GlobalSection(SolutionProperties) = preSolution
		HideSolutionNode = FALSE
	EndGlobalSection
	GlobalSection(ExtensibilityGlobals) = postSolution
		SolutionGuid = {26D74687-D790-4F70-9883-50BD6B0C29C7}
	EndGlobalSection
EndGlobal
